
Microsoft Visual Studio Solution File, Format Version 12.00
# Visual Studio 15
VisualStudioVersion = 15.0.27004.2002
MinimumVisualStudioVersion = 10.0.40219.1
Project("{FAE04EC0-301F-11D3-BF4B-00C04F79EFBC}") = "AnotherOne", "AnotherOne\AnotherOne.csproj", "{F514B725-0821-4E3E-A51E-5F139D611089}"
EndProject
Global
	GlobalSection(SolutionConfigurationPlatforms) = preSolution
		Debug|Any CPU = Debug|Any CPU
		Release|Any CPU = Release|Any CPU
	EndGlobalSection
	GlobalSection(ProjectConfigurationPlatforms) = postSolution
		{F514B725-0821-4E3E-A51E-5F139D611089}.Debug|Any CPU.ActiveCfg = Debug|Any CPU
		{F514B725-0821-4E3E-A51E-5F139D611089}.Debug|Any CPU.Build.0 = Debug|Any CPU
		{F514B725-0821-4E3E-A51E-5F139D611089}.Release|Any CPU.ActiveCfg = Release|Any CPU
		{F514B725-0821-4E3E-A51E-5F139D611089}.Release|Any CPU.Build.0 = Release|Any CPU
	EndGlobalSection
	GlobalSection(SolutionProperties) = preSolution
		HideSolutionNode = FALSE
	EndGlobalSection
	GlobalSection(ExtensibilityGlobals) = postSolution
		SolutionGuid = {50EC39DF-5FF5-41C9-859C-A5F77C6C13CC}
	EndGlobalSection
EndGlobal
